// !$*UTF8*$!
{
	archiveVersion = 1;
	classes = {
	};
	objectVersion = 46;
	objects = {

/* Begin PBXBuildFile section */
		AC0D88961DD4917A00C68664 /* AppDelegate.swift in Sources */ = {isa = PBXBuildFile; fileRef = AC0D88951DD4917A00C68664 /* AppDelegate.swift */; };
		AC0D88981DD4917A00C68664 /* GameViewController.swift in Sources */ = {isa = PBXBuildFile; fileRef = AC0D88971DD4917A00C68664 /* GameViewController.swift */; };
		AC0D889B1DD4917A00C68664 /* Main.storyboard in Resources */ = {isa = PBXBuildFile; fileRef = AC0D88991DD4917A00C68664 /* Main.storyboard */; };
		AC0D88A01DD4917A00C68664 /* LaunchScreen.storyboard in Resources */ = {isa = PBXBuildFile; fileRef = AC0D889E1DD4917A00C68664 /* LaunchScreen.storyboard */; };
		AC0D88AB1DD491EB00C68664 /* SoundFX.swift in Sources */ = {isa = PBXBuildFile; fileRef = AC0D88A81DD491EB00C68664 /* SoundFX.swift */; };
		AC0D88AC1DD491EB00C68664 /* GameUtils.swift in Sources */ = {isa = PBXBuildFile; fileRef = AC0D88A91DD491EB00C68664 /* GameUtils.swift */; };
		AC0D88AD1DD491EB00C68664 /* SCNAction+Extensions.swift in Sources */ = {isa = PBXBuildFile; fileRef = AC0D88AA1DD491EB00C68664 /* SCNAction+Extensions.swift */; };
		AC0D88AF1DD4924500C68664 /* MrPig.scnassets in Resources */ = {isa = PBXBuildFile; fileRef = AC0D88AE1DD4924500C68664 /* MrPig.scnassets */; };
		AC0D88B21DD492DC00C68664 /* Assets.xcassets in Resources */ = {isa = PBXBuildFile; fileRef = AC0D88B11DD492DC00C68664 /* Assets.xcassets */; };
		AC0D88BA1DD4A4CE00C68664 /* Scene.swift in Sources */ = {isa = PBXBuildFile; fileRef = AC0D88B91DD4A4CE00C68664 /* Scene.swift */; };
		ACADF3051DD4BF0400CCABA9 /* GameCore.swift in Sources */ = {isa = PBXBuildFile; fileRef = ACADF3041DD4BF0400CCABA9 /* GameCore.swift */; };
/* End PBXBuildFile section */

/* Begin PBXFileReference section */
		AC0D88921DD4917A00C68664 /* Mr.Pig.app */ = {isa = PBXFileReference; explicitFileType = wrapper.application; includeInIndex = 0; path = Mr.Pig.app; sourceTree = BUILT_PRODUCTS_DIR; };
		AC0D88951DD4917A00C68664 /* AppDelegate.swift */ = {isa = PBXFileReference; lastKnownFileType = sourcecode.swift; path = AppDelegate.swift; sourceTree = "<group>"; };
		AC0D88971DD4917A00C68664 /* GameViewController.swift */ = {isa = PBXFileReference; lastKnownFileType = sourcecode.swift; path = GameViewController.swift; sourceTree = "<group>"; };
		AC0D889A1DD4917A00C68664 /* Base */ = {isa = PBXFileReference; lastKnownFileType = file.storyboard; name = Base; path = Base.lproj/Main.storyboard; sourceTree = "<group>"; };
		AC0D889F1DD4917A00C68664 /* Base */ = {isa = PBXFileReference; lastKnownFileType = file.storyboard; name = Base; path = Base.lproj/LaunchScreen.storyboard; sourceTree = "<group>"; };
		AC0D88A11DD4917A00C68664 /* Info.plist */ = {isa = PBXFileReference; lastKnownFileType = text.plist.xml; path = Info.plist; sourceTree = "<group>"; };
		AC0D88A81DD491EB00C68664 /* SoundFX.swift */ = {isa = PBXFileReference; fileEncoding = 4; lastKnownFileType = sourcecode.swift; path = SoundFX.swift; sourceTree = "<group>"; };
		AC0D88A91DD491EB00C68664 /* GameUtils.swift */ = {isa = PBXFileReference; fileEncoding = 4; lastKnownFileType = sourcecode.swift; path = GameUtils.swift; sourceTree = "<group>"; };
		AC0D88AA1DD491EB00C68664 /* SCNAction+Extensions.swift */ = {isa = PBXFileReference; fileEncoding = 4; lastKnownFileType = sourcecode.swift; path = "SCNAction+Extensions.swift"; sourceTree = "<group>"; };
		AC0D88AE1DD4924500C68664 /* MrPig.scnassets */ = {isa = PBXFileReference; lastKnownFileType = wrapper.scnassets; path = MrPig.scnassets; sourceTree = "<group>"; };
		AC0D88B11DD492DC00C68664 /* Assets.xcassets */ = {isa = PBXFileReference; lastKnownFileType = folder.assetcatalog; path = Assets.xcassets; sourceTree = "<group>"; };
		AC0D88B91DD4A4CE00C68664 /* Scene.swift */ = {isa = PBXFileReference; fileEncoding = 4; lastKnownFileType = sourcecode.swift; path = Scene.swift; sourceTree = "<group>"; };
		ACADF3041DD4BF0400CCABA9 /* GameCore.swift */ = {isa = PBXFileReference; fileEncoding = 4; lastKnownFileType = sourcecode.swift; path = GameCore.swift; sourceTree = "<group>"; };
/* End PBXFileReference section */

/* Begin PBXFrameworksBuildPhase section */
		AC0D888F1DD4917A00C68664 /* Frameworks */ = {
			isa = PBXFrameworksBuildPhase;
			buildActionMask = 2147483647;
			files = (
			);
			runOnlyForDeploymentPostprocessing = 0;
		};
/* End PBXFrameworksBuildPhase section */

/* Begin PBXGroup section */
		AC0D88891DD4917A00C68664 = {
			isa = PBXGroup;
			children = (
				AC0D88941DD4917A00C68664 /* Mr.Pig */,
				AC0D88931DD4917A00C68664 /* Products */,
			);
			sourceTree = "<group>";
		};
		AC0D88931DD4917A00C68664 /* Products */ = {
			isa = PBXGroup;
			children = (
				AC0D88921DD4917A00C68664 /* Mr.Pig.app */,
			);
			name = Products;
			sourceTree = "<group>";
		};
		AC0D88941DD4917A00C68664 /* Mr.Pig */ = {
			isa = PBXGroup;
			children = (
				AC0D88951DD4917A00C68664 /* AppDelegate.swift */,
				AC0D88B01DD4928E00C68664 /* resorces */,
				AC0D88971DD4917A00C68664 /* GameViewController.swift */,
				ACADF3041DD4BF0400CCABA9 /* GameCore.swift */,
				AC0D88B91DD4A4CE00C68664 /* Scene.swift */,
				AC0D88A71DD491EB00C68664 /* GameUtils */,
			);
			path = Mr.Pig;
			sourceTree = "<group>";
		};
		AC0D88A71DD491EB00C68664 /* GameUtils */ = {
			isa = PBXGroup;
			children = (
				AC0D88A81DD491EB00C68664 /* SoundFX.swift */,
				AC0D88A91DD491EB00C68664 /* GameUtils.swift */,
				AC0D88AA1DD491EB00C68664 /* SCNAction+Extensions.swift */,
			);
			path = GameUtils;
			sourceTree = "<group>";
		};
		AC0D88B01DD4928E00C68664 /* resorces */ = {
			isa = PBXGroup;
			children = (
				AC0D88AE1DD4924500C68664 /* MrPig.scnassets */,
				AC0D88991DD4917A00C68664 /* Main.storyboard */,
				AC0D88B11DD492DC00C68664 /* Assets.xcassets */,
				AC0D889E1DD4917A00C68664 /* LaunchScreen.storyboard */,
				AC0D88A11DD4917A00C68664 /* Info.plist */,
			);
			name = resorces;
			sourceTree = "<group>";
		};
/* End PBXGroup section */

/* Begin PBXNativeTarget section */
		AC0D88911DD4917A00C68664 /* Mr.Pig */ = {
			isa = PBXNativeTarget;
			buildConfigurationList = AC0D88A41DD4917A00C68664 /* Build configuration list for PBXNativeTarget "Mr.Pig" */;
			buildPhases = (
				AC0D888E1DD4917A00C68664 /* Sources */,
				AC0D888F1DD4917A00C68664 /* Frameworks */,
				AC0D88901DD4917A00C68664 /* Resources */,
			);
			buildRules = (
			);
			dependencies = (
			);
			name = Mr.Pig;
			productName = Mr.Pig;
			productReference = AC0D88921DD4917A00C68664 /* Mr.Pig.app */;
			productType = "com.apple.product-type.application";
		};
/* End PBXNativeTarget section */

/* Begin PBXProject section */
		AC0D888A1DD4917A00C68664 /* Project object */ = {
			isa = PBXProject;
			attributes = {
				LastSwiftUpdateCheck = 0810;
				LastUpgradeCheck = 0810;
				ORGANIZATIONNAME = ArtemSherbachuk;
				TargetAttributes = {
					AC0D88911DD4917A00C68664 = {
						CreatedOnToolsVersion = 8.1;
						DevelopmentTeam = F239PGHZ78;
						LastSwiftMigration = 0810;
						ProvisioningStyle = Automatic;
					};
				};
			};
			buildConfigurationList = AC0D888D1DD4917A00C68664 /* Build configuration list for PBXProject "Mr.Pig" */;
			compatibilityVersion = "Xcode 3.2";
			developmentRegion = English;
			hasScannedForEncodings = 0;
			knownRegions = (
				en,
				Base,
			);
			mainGroup = AC0D88891DD4917A00C68664;
			productRefGroup = AC0D88931DD4917A00C68664 /* Products */;
			projectDirPath = "";
			projectRoot = "";
			targets = (
				AC0D88911DD4917A00C68664 /* Mr.Pig */,
			);
		};
/* End PBXProject section */

/* Begin PBXResourcesBuildPhase section */
		AC0D88901DD4917A00C68664 /* Resources */ = {
			isa = PBXResourcesBuildPhase;
			buildActionMask = 2147483647;
			files = (
				AC0D88A01DD4917A00C68664 /* LaunchScreen.storyboard in Resources */,
				AC0D889B1DD4917A00C68664 /* Main.storyboard in Resources */,
				AC0D88B21DD492DC00C68664 /* Assets.xcassets in Resources */,
				AC0D88AF1DD4924500C68664 /* MrPig.scnassets in Resources */,
			);
			runOnlyForDeploymentPostprocessing = 0;
		};
/* End PBXResourcesBuildPhase section */

/* Begin PBXSourcesBuildPhase section */
		AC0D888E1DD4917A00C68664 /* Sources */ = {
			isa = PBXSourcesBuildPhase;
			buildActionMask = 2147483647;
			files = (
				AC0D88981DD4917A00C68664 /* GameViewController.swift in Sources */,
				AC0D88AD1DD491EB00C68664 /* SCNAction+Extensions.swift in Sources */,
				AC0D88BA1DD4A4CE00C68664 /* Scene.swift in Sources */,
				AC0D88AC1DD491EB00C68664 /* GameUtils.swift in Sources */,
				AC0D88961DD4917A00C68664 /* AppDelegate.swift in Sources */,
				ACADF3051DD4BF0400CCABA9 /* GameCore.swift in Sources */,
				AC0D88AB1DD491EB00C68664 /* SoundFX.swift in Sources */,
			);
			runOnlyForDeploymentPostprocessing = 0;
		};
/* End PBXSourcesBuildPhase section */

/* Begin PBXVariantGroup section */
		AC0D88991DD4917A00C68664 /* Main.storyboard */ = {
			isa = PBXVariantGroup;
			children = (
				AC0D889A1DD4917A00C68664 /* Base */,
			);
			name = Main.storyboard;
			sourceTree = "<group>";
		};
		AC0D889E1DD4917A00C68664 /* LaunchScreen.storyboard */ = {
			isa = PBXVariantGroup;
			children = (
				AC0D889F1DD4917A00C68664 /* Base */,
			);
			name = LaunchScreen.storyboard;
			sourceTree = "<group>";
		};
/* End PBXVariantGroup section */

/* Begin XCBuildConfiguration section */
		AC0D88A21DD4917A00C68664 /* Debug */ = {
			isa = XCBuildConfiguration;
			buildSettings = {
				ALWAYS_SEARCH_USER_PATHS = NO;
				CLANG_ANALYZER_NONNULL = YES;
				CLANG_CXX_LANGUAGE_STANDARD = "gnu++0x";
				CLANG_CXX_LIBRARY = "libc++";
				CLANG_ENABLE_MODULES = YES;
				CLANG_ENABLE_OBJC_ARC = YES;
				CLANG_WARN_BOOL_CONVERSION = YES;
				CLANG_WARN_CONSTANT_CONVERSION = YES;
				CLANG_WARN_DIRECT_OBJC_ISA_USAGE = YES_ERROR;
				CLANG_WARN_DOCUMENTATION_COMMENTS = YES;
				CLANG_WARN_EMPTY_BODY = YES;
				CLANG_WARN_ENUM_CONVERSION = YES;
				CLANG_WARN_INFINITE_RECURSION = YES;
				CLANG_WARN_INT_CONVERSION = YES;
				CLANG_WARN_OBJC_ROOT_CLASS = YES_ERROR;
				CLANG_WARN_SUSPICIOUS_MOVES = YES;
				CLANG_WARN_UNREACHABLE_CODE = YES;
				CLANG_WARN__DUPLICATE_METHOD_MATCH = YES;
				"CODE_SIGN_IDENTITY[sdk=iphoneos*]" = "iPhone Developer";
				COPY_PHASE_STRIP = NO;
				DEBUG_INFORMATION_FORMAT = dwarf;
				ENABLE_STRICT_OBJC_MSGSEND = YES;
				ENABLE_TESTABILITY = YES;
				GCC_C_LANGUAGE_STANDARD = gnu99;
				GCC_DYNAMIC_NO_PIC = NO;
				GCC_NO_COMMON_BLOCKS = YES;
				GCC_OPTIMIZATION_LEVEL = 0;
				GCC_PREPROCESSOR_DEFINITIONS = (
					"DEBUG=1",
					"$(inherited)",
				);
				GCC_WARN_64_TO_32_BIT_CONVERSION = YES;
				GCC_WARN_ABOUT_RETURN_TYPE = YES_ERROR;
				GCC_WARN_UNDECLARED_SELECTOR = YES;
				GCC_WARN_UNINITIALIZED_AUTOS = YES_AGGRESSIVE;
				GCC_WARN_UNUSED_FUNCTION = YES;
				GCC_WARN_UNUSED_VARIABLE = YES;
				IPHONEOS_DEPLOYMENT_TARGET = 10.1;
				MTL_ENABLE_DEBUG_INFO = YES;
				ONLY_ACTIVE_ARCH = YES;
				SDKROOT = iphoneos;
				SWIFT_ACTIVE_COMPILATION_CONDITIONS = DEBUG;
				SWIFT_OPTIMIZATION_LEVEL = "-Onone";
				TARGETED_DEVICE_FAMILY = "1,2";
			};
			name = Debug;
		};
		AC0D88A31DD4917A00C68664 /* Release */ = {
			isa = XCBuildConfiguration;
			buildSettings = {
				ALWAYS_SEARCH_USER_PATHS = NO;
				CLANG_ANALYZER_NONNULL = YES;
				CLANG_CXX_LANGUAGE_STANDARD = "gnu++0x";
				CLANG_CXX_LIBRARY = "libc++";
				CLANG_ENABLE_MODULES = YES;
				CLANG_ENABLE_OBJC_ARC = YES;
				CLANG_WARN_BOOL_CONVERSION = YES;
				CLANG_WARN_CONSTANT_CONVERSION = YES;
				CLANG_WARN_DIRECT_OBJC_ISA_USAGE = YES_ERROR;
				CLANG_WARN_DOCUMENTATION_COMMENTS = YES;
				CLANG_WARN_EMPTY_BODY = YES;
				CLANG_WARN_ENUM_CONVERSION = YES;
				CLANG_WARN_INFINITE_RECURSION = YES;
				CLANG_WARN_INT_CONVERSION = YES;
				CLANG_WARN_OBJC_ROOT_CLASS = YES_ERROR;
				CLANG_WARN_SUSPICIOUS_MOVES = YES;
				CLANG_WARN_UNREACHABLE_CODE = YES;
				CLANG_WARN__DUPLICATE_METHOD_MATCH = YES;
				"CODE_SIGN_IDENTITY[sdk=iphoneos*]" = "iPhone Developer";
				COPY_PHASE_STRIP = NO;
				DEBUG_INFORMATION_FORMAT = "dwarf-with-dsym";
				ENABLE_NS_ASSERTIONS = NO;
				ENABLE_STRICT_OBJC_MSGSEND = YES;
				GCC_C_LANGUAGE_STANDARD = gnu99;
				GCC_NO_COMMON_BLOCKS = YES;
				GCC_WARN_64_TO_32_BIT_CONVERSION = YES;
				GCC_WARN_ABOUT_RETURN_TYPE = YES_ERROR;
				GCC_WARN_UNDECLARED_SELECTOR = YES;
				GCC_WARN_UNINITIALIZED_AUTOS = YES_AGGRESSIVE;
				GCC_WARN_UNUSED_FUNCTION = YES;
				GCC_WARN_UNUSED_VARIABLE = YES;
				IPHONEOS_DEPLOYMENT_TARGET = 10.1;
				MTL_ENABLE_DEBUG_INFO = NO;
				SDKROOT = iphoneos;
				SWIFT_OPTIMIZATION_LEVEL = "-Owholemodule";
				TARGETED_DEVICE_FAMILY = "1,2";
				VALIDATE_PRODUCT = YES;
			};
			name = Release;
		};
		AC0D88A51DD4917A00C68664 /* Debug */ = {
			isa = XCBuildConfiguration;
			buildSettings = {
				ASSETCATALOG_COMPILER_APPICON_NAME = AppIcon;
				DEVELOPMENT_TEAM = F239PGHZ78;
				INFOPLIST_FILE = Mr.Pig/Info.plist;
				LD_RUNPATH_SEARCH_PATHS = "$(inherited) @executable_path/Frameworks";
				PRODUCT_BUNDLE_IDENTIFIER = "com.ArtemSherbachuk.Mr-Pig";
				PRODUCT_NAME = "$(TARGET_NAME)";
				SWIFT_VERSION = 3.0;
			};
			name = Debug;
		};
		AC0D88A61DD4917A00C68664 /* Release */ = {
			isa = XCBuildConfiguration;
			buildSettings = {
				ASSETCATALOG_COMPILER_APPICON_NAME = AppIcon;
				DEVELOPMENT_TEAM = F239PGHZ78;
				INFOPLIST_FILE = Mr.Pig/Info.plist;
				LD_RUNPATH_SEARCH_PATHS = "$(inherited) @executable_path/Frameworks";
				PRODUCT_BUNDLE_IDENTIFIER = "com.ArtemSherbachuk.Mr-Pig";
				PRODUCT_NAME = "$(TARGET_NAME)";
				SWIFT_VERSION = 3.0;
			};
			name = Release;
		};
/* End XCBuildConfiguration section */

/* Begin XCConfigurationList section */
		AC0D888D1DD4917A00C68664 /* Build configuration list for PBXProject "Mr.Pig" */ = {
			isa = XCConfigurationList;
			buildConfigurations = (
				AC0D88A21DD4917A00C68664 /* Debug */,
				AC0D88A31DD4917A00C68664 /* Release */,
			);
			defaultConfigurationIsVisible = 0;
			defaultConfigurationName = Release;
		};
		AC0D88A41DD4917A00C68664 /* Build configuration list for PBXNativeTarget "Mr.Pig" */ = {
			isa = XCConfigurationList;
			buildConfigurations = (
				AC0D88A51DD4917A00C68664 /* Debug */,
				AC0D88A61DD4917A00C68664 /* Release */,
			);
			defaultConfigurationIsVisible = 0;
			defaultConfigurationName = Release;
		};
/* End XCConfigurationList section */
	};
	rootObject = AC0D888A1DD4917A00C68664 /* Project object */;
}
